
Microsoft Visual Studio Solution File, Format Version 12.00
# Visual Studio Version 16
VisualStudioVersion = 16.0.30114.105
MinimumVisualStudioVersion = 10.0.40219.1
Project("{FAE04EC0-301F-11D3-BF4B-00C04F79EFBC}") = "Backend", "Backend\Backend.csproj", "{1FE66A13-F7C9-4E76-BB32-38E7AF14027C}"
EndProject
Project("{FAE04EC0-301F-11D3-BF4B-00C04F79EFBC}") = "Frontend", "Frontend\Frontend.csproj", "{B286A095-DAB4-4CC4-BB3E-4CF3E1248E43}"
EndProject
Global
	GlobalSection(SolutionConfigurationPlatforms) = preSolution
		Debug|Any CPU = Debug|Any CPU
		Release|Any CPU = Release|Any CPU
	EndGlobalSection
	GlobalSection(SolutionProperties) = preSolution
		HideSolutionNode = FALSE
	EndGlobalSection
	GlobalSection(ProjectConfigurationPlatforms) = postSolution
		{1FE66A13-F7C9-4E76-BB32-38E7AF14027C}.Debug|Any CPU.ActiveCfg = Debug|Any CPU
		{1FE66A13-F7C9-4E76-BB32-38E7AF14027C}.Debug|Any CPU.Build.0 = Debug|Any CPU
		{1FE66A13-F7C9-4E76-BB32-38E7AF14027C}.Release|Any CPU.ActiveCfg = Release|Any CPU
		{1FE66A13-F7C9-4E76-BB32-38E7AF14027C}.Release|Any CPU.Build.0 = Release|Any CPU
		{B286A095-DAB4-4CC4-BB3E-4CF3E1248E43}.Debug|Any CPU.ActiveCfg = Debug|Any CPU
		{B286A095-DAB4-4CC4-BB3E-4CF3E1248E43}.Debug|Any CPU.Build.0 = Debug|Any CPU
		{B286A095-DAB4-4CC4-BB3E-4CF3E1248E43}.Release|Any CPU.ActiveCfg = Release|Any CPU
		{B286A095-DAB4-4CC4-BB3E-4CF3E1248E43}.Release|Any CPU.Build.0 = Release|Any CPU
	EndGlobalSection
EndGlobal
